
Microsoft Visual Studio Solution File, Format Version 12.00
# Visual Studio Version 16
VisualStudioVersion = 16.0.32106.194
MinimumVisualStudioVersion = 10.0.40219.1
Project("{8BC9CEB8-8B4A-11D0-8D11-00A0C91BC942}") = "ColorCalibration", "VS2010\ColorCalibration.vcxproj", "{4A8CE86F-D34E-487D-B861-149D1A14ECB5}"
EndProject
Project("{8BC9CEB8-8B4A-11D0-8D11-00A0C91BC942}") = "ColorCorrection", "..\ColorCorrection\VS2010\ColorCorrection.vcxproj", "{09DA1046-912F-4B90-B708-58EF8C46F219}"
EndProject
Global
	GlobalSection(SolutionConfigurationPlatforms) = preSolution
		Debug|x64 = Debug|x64
		Debug|x86 = Debug|x86
		Release_X64|x64 = Release_X64|x64
		Release_X64|x86 = Release_X64|x86
		Release|x64 = Release|x64
		Release|x86 = Release|x86
		Template|x64 = Template|x64
		Template|x86 = Template|x86
	EndGlobalSection
	GlobalSection(ProjectConfigurationPlatforms) = postSolution
		{4A8CE86F-D34E-487D-B861-149D1A14ECB5}.Debug|x64.ActiveCfg = Debug|x64
		{4A8CE86F-D34E-487D-B861-149D1A14ECB5}.Debug|x64.Build.0 = Debug|x64
		{4A8CE86F-D34E-487D-B861-149D1A14ECB5}.Debug|x86.ActiveCfg = Debug|Win32
		{4A8CE86F-D34E-487D-B861-149D1A14ECB5}.Debug|x86.Build.0 = Debug|Win32
		{4A8CE86F-D34E-487D-B861-149D1A14ECB5}.Release_X64|x64.ActiveCfg = Release_X64|x64
		{4A8CE86F-D34E-487D-B861-149D1A14ECB5}.Release_X64|x64.Build.0 = Release_X64|x64
		{4A8CE86F-D34E-487D-B861-149D1A14ECB5}.Release_X64|x86.ActiveCfg = Release_X64|Win32
		{4A8CE86F-D34E-487D-B861-149D1A14ECB5}.Release_X64|x86.Build.0 = Release_X64|Win32
		{4A8CE86F-D34E-487D-B861-149D1A14ECB5}.Release|x64.ActiveCfg = Release|x64
		{4A8CE86F-D34E-487D-B861-149D1A14ECB5}.Release|x64.Build.0 = Release|x64
		{4A8CE86F-D34E-487D-B861-149D1A14ECB5}.Release|x86.ActiveCfg = Release|Win32
		{4A8CE86F-D34E-487D-B861-149D1A14ECB5}.Release|x86.Build.0 = Release|Win32
		{4A8CE86F-D34E-487D-B861-149D1A14ECB5}.Template|x64.ActiveCfg = Template|x64
		{4A8CE86F-D34E-487D-B861-149D1A14ECB5}.Template|x64.Build.0 = Template|x64
		{4A8CE86F-D34E-487D-B861-149D1A14ECB5}.Template|x86.ActiveCfg = Template|Win32
		{4A8CE86F-D34E-487D-B861-149D1A14ECB5}.Template|x86.Build.0 = Template|Win32
		{09DA1046-912F-4B90-B708-58EF8C46F219}.Debug|x64.ActiveCfg = Debug|x64
		{09DA1046-912F-4B90-B708-58EF8C46F219}.Debug|x64.Build.0 = Debug|x64
		{09DA1046-912F-4B90-B708-58EF8C46F219}.Debug|x86.ActiveCfg = Debug|Win32
		{09DA1046-912F-4B90-B708-58EF8C46F219}.Debug|x86.Build.0 = Debug|Win32
		{09DA1046-912F-4B90-B708-58EF8C46F219}.Release_X64|x64.ActiveCfg = Release_X64|x64
		{09DA1046-912F-4B90-B708-58EF8C46F219}.Release_X64|x64.Build.0 = Release_X64|x64
		{09DA1046-912F-4B90-B708-58EF8C46F219}.Release_X64|x86.ActiveCfg = Release_X64|Win32
		{09DA1046-912F-4B90-B708-58EF8C46F219}.Release_X64|x86.Build.0 = Release_X64|Win32
		{09DA1046-912F-4B90-B708-58EF8C46F219}.Release|x64.ActiveCfg = Release|x64
		{09DA1046-912F-4B90-B708-58EF8C46F219}.Release|x64.Build.0 = Release|x64
		{09DA1046-912F-4B90-B708-58EF8C46F219}.Release|x86.ActiveCfg = Release|Win32
		{09DA1046-912F-4B90-B708-58EF8C46F219}.Release|x86.Build.0 = Release|Win32
		{09DA1046-912F-4B90-B708-58EF8C46F219}.Template|x64.ActiveCfg = Template|x64
		{09DA1046-912F-4B90-B708-58EF8C46F219}.Template|x64.Build.0 = Template|x64
		{09DA1046-912F-4B90-B708-58EF8C46F219}.Template|x86.ActiveCfg = Template|Win32
		{09DA1046-912F-4B90-B708-58EF8C46F219}.Template|x86.Build.0 = Template|Win32
	EndGlobalSection
	GlobalSection(SolutionProperties) = preSolution
		HideSolutionNode = FALSE
	EndGlobalSection
	GlobalSection(ExtensibilityGlobals) = postSolution
		SolutionGuid = {8E883079-538E-4669-9670-01D7E82580CB}
	EndGlobalSection
EndGlobal
